
Microsoft Visual Studio Solution File, Format Version 12.00
# Visual Studio Version 16
VisualStudioVersion = 16.0.30711.63
MinimumVisualStudioVersion = 10.0.40219.1
Project("{9A19103F-16F7-4668-BE54-9A1E7A4F7556}") = "AA.Web", "AA.Web\AA.Web.csproj", "{FD999550-2D09-42DC-8705-779A0E132A11}"
EndProject
Project("{9A19103F-16F7-4668-BE54-9A1E7A4F7556}") = "AA.Shared", "AA.Shared\AA.Shared.csproj", "{1A610704-CC96-4545-8DA7-A9B0DC4E10BD}"
EndProject
Project("{FAE04EC0-301F-11D3-BF4B-00C04F79EFBC}") = "AA.UnitTest", "AA.Test\AA.UnitTest.csproj", "{A99A8DA7-0655-4AAE-9070-CA1B53E98126}"
EndProject
Global
	GlobalSection(SolutionConfigurationPlatforms) = preSolution
		Debug|Any CPU = Debug|Any CPU
		Release|Any CPU = Release|Any CPU
	EndGlobalSection
	GlobalSection(ProjectConfigurationPlatforms) = postSolution
		{FD999550-2D09-42DC-8705-779A0E132A11}.Debug|Any CPU.ActiveCfg = Debug|Any CPU
		{FD999550-2D09-42DC-8705-779A0E132A11}.Debug|Any CPU.Build.0 = Debug|Any CPU
		{FD999550-2D09-42DC-8705-779A0E132A11}.Release|Any CPU.ActiveCfg = Release|Any CPU
		{FD999550-2D09-42DC-8705-779A0E132A11}.Release|Any CPU.Build.0 = Release|Any CPU
		{1A610704-CC96-4545-8DA7-A9B0DC4E10BD}.Debug|Any CPU.ActiveCfg = Debug|Any CPU
		{1A610704-CC96-4545-8DA7-A9B0DC4E10BD}.Debug|Any CPU.Build.0 = Debug|Any CPU
		{1A610704-CC96-4545-8DA7-A9B0DC4E10BD}.Release|Any CPU.ActiveCfg = Release|Any CPU
		{1A610704-CC96-4545-8DA7-A9B0DC4E10BD}.Release|Any CPU.Build.0 = Release|Any CPU
		{A99A8DA7-0655-4AAE-9070-CA1B53E98126}.Debug|Any CPU.ActiveCfg = Debug|Any CPU
		{A99A8DA7-0655-4AAE-9070-CA1B53E98126}.Debug|Any CPU.Build.0 = Debug|Any CPU
		{A99A8DA7-0655-4AAE-9070-CA1B53E98126}.Release|Any CPU.ActiveCfg = Release|Any CPU
		{A99A8DA7-0655-4AAE-9070-CA1B53E98126}.Release|Any CPU.Build.0 = Release|Any CPU
	EndGlobalSection
	GlobalSection(SolutionProperties) = preSolution
		HideSolutionNode = FALSE
	EndGlobalSection
	GlobalSection(ExtensibilityGlobals) = postSolution
		SolutionGuid = {E1298203-9135-4606-B30E-E2D3919CFE70}
	EndGlobalSection
EndGlobal
